
Microsoft Visual Studio Solution File, Format Version 12.00
# Visual Studio Version 16
VisualStudioVersion = 16.0.31702.278
MinimumVisualStudioVersion = 10.0.40219.1
Project("{FAE04EC0-301F-11D3-BF4B-00C04F79EFBC}") = "Calculadora", "Calculadora\Calculadora.csproj", "{60BB1454-C65A-467E-BFA6-F7B65414D514}"
EndProject
Global
	GlobalSection(SolutionConfigurationPlatforms) = preSolution
		Debug|Any CPU = Debug|Any CPU
		Release|Any CPU = Release|Any CPU
	EndGlobalSection
	GlobalSection(ProjectConfigurationPlatforms) = postSolution
		{60BB1454-C65A-467E-BFA6-F7B65414D514}.Debug|Any CPU.ActiveCfg = Debug|Any CPU
		{60BB1454-C65A-467E-BFA6-F7B65414D514}.Debug|Any CPU.Build.0 = Debug|Any CPU
		{60BB1454-C65A-467E-BFA6-F7B65414D514}.Release|Any CPU.ActiveCfg = Release|Any CPU
		{60BB1454-C65A-467E-BFA6-F7B65414D514}.Release|Any CPU.Build.0 = Release|Any CPU
	EndGlobalSection
	GlobalSection(SolutionProperties) = preSolution
		HideSolutionNode = FALSE
	EndGlobalSection
	GlobalSection(ExtensibilityGlobals) = postSolution
		SolutionGuid = {04736366-7D54-43D4-8C9C-6D11BE690468}
	EndGlobalSection
EndGlobal
